// !$*UTF8*$!
{
	archiveVersion = 1;
	classes = {
	};
	objectVersion = 56;
	objects = {

/* Begin PBXBuildFile section */
		30BEE48E2C0EBAD0001634AE /* CustomViewFramework.docc in Sources */ = {isa = PBXBuildFile; fileRef = 30BEE48D2C0EBAD0001634AE /* CustomViewFramework.docc */; };
		30BEE4942C0EBAD1001634AE /* CustomViewFramework.framework in Frameworks */ = {isa = PBXBuildFile; fileRef = 30BEE4892C0EBAD0001634AE /* CustomViewFramework.framework */; };
		30BEE4992C0EBAD1001634AE /* CustomViewFrameworkTests.swift in Sources */ = {isa = PBXBuildFile; fileRef = 30BEE4982C0EBAD1001634AE /* CustomViewFrameworkTests.swift */; };
		30BEE49A2C0EBAD1001634AE /* CustomViewFramework.h in Headers */ = {isa = PBXBuildFile; fileRef = 30BEE48C2C0EBAD0001634AE /* CustomViewFramework.h */; settings = {ATTRIBUTES = (Public, ); }; };
		30BEE4A42C0EBAF9001634AE /* CustomView.swift in Sources */ = {isa = PBXBuildFile; fileRef = 30BEE4A32C0EBAF9001634AE /* CustomView.swift */; };
/* End PBXBuildFile section */

/* Begin PBXContainerItemProxy section */
		30BEE4952C0EBAD1001634AE /* PBXContainerItemProxy */ = {
			isa = PBXContainerItemProxy;
			containerPortal = 30BEE4802C0EBAD0001634AE /* Project object */;
			proxyType = 1;
			remoteGlobalIDString = 30BEE4882C0EBAD0001634AE;
			remoteInfo = CustomViewFramework;
		};
/* End PBXContainerItemProxy section */

/* Begin PBXFileReference section */
		30BEE4892C0EBAD0001634AE /* CustomViewFramework.framework */ = {isa = PBXFileReference; explicitFileType = wrapper.framework; includeInIndex = 0; path = CustomViewFramework.framework; sourceTree = BUILT_PRODUCTS_DIR; };
		30BEE48C2C0EBAD0001634AE /* CustomViewFramework.h */ = {isa = PBXFileReference; lastKnownFileType = sourcecode.c.h; path = CustomViewFramework.h; sourceTree = "<group>"; };
		30BEE48D2C0EBAD0001634AE /* CustomViewFramework.docc */ = {isa = PBXFileReference; lastKnownFileType = folder.documentationcatalog; path = CustomViewFramework.docc; sourceTree = "<group>"; };
		30BEE4932C0EBAD1001634AE /* CustomViewFrameworkTests.xctest */ = {isa = PBXFileReference; explicitFileType = wrapper.cfbundle; includeInIndex = 0; path = CustomViewFrameworkTests.xctest; sourceTree = BUILT_PRODUCTS_DIR; };
		30BEE4982C0EBAD1001634AE /* CustomViewFrameworkTests.swift */ = {isa = PBXFileReference; lastKnownFileType = sourcecode.swift; path = CustomViewFrameworkTests.swift; sourceTree = "<group>"; };
		30BEE4A32C0EBAF9001634AE /* CustomView.swift */ = {isa = PBXFileReference; lastKnownFileType = sourcecode.swift; path = CustomView.swift; sourceTree = "<group>"; };
/* End PBXFileReference section */

/* Begin PBXFrameworksBuildPhase section */
		30BEE4862C0EBAD0001634AE /* Frameworks */ = {
			isa = PBXFrameworksBuildPhase;
			buildActionMask = 2147483647;
			files = (
			);
			runOnlyForDeploymentPostprocessing = 0;
		};
		30BEE4902C0EBAD1001634AE /* Frameworks */ = {
			isa = PBXFrameworksBuildPhase;
			buildActionMask = 2147483647;
			files = (
				30BEE4942C0EBAD1001634AE /* CustomViewFramework.framework in Frameworks */,
			);
			runOnlyForDeploymentPostprocessing = 0;
		};
/* End PBXFrameworksBuildPhase section */

/* Begin PBXGroup section */
		30BEE47F2C0EBAD0001634AE = {
			isa = PBXGroup;
			children = (
				30BEE48B2C0EBAD0001634AE /* CustomViewFramework */,
				30BEE4972C0EBAD1001634AE /* CustomViewFrameworkTests */,
				30BEE48A2C0EBAD0001634AE /* Products */,
			);
			sourceTree = "<group>";
		};
		30BEE48A2C0EBAD0001634AE /* Products */ = {
			isa = PBXGroup;
			children = (
				30BEE4892C0EBAD0001634AE /* CustomViewFramework.framework */,
				30BEE4932C0EBAD1001634AE /* CustomViewFrameworkTests.xctest */,
			);
			name = Products;
			sourceTree = "<group>";
		};
		30BEE48B2C0EBAD0001634AE /* CustomViewFramework */ = {
			isa = PBXGroup;
			children = (
				30BEE48C2C0EBAD0001634AE /* CustomViewFramework.h */,
				30BEE48D2C0EBAD0001634AE /* CustomViewFramework.docc */,
				30BEE4A32C0EBAF9001634AE /* CustomView.swift */,
			);
			path = CustomViewFramework;
			sourceTree = "<group>";
		};
		30BEE4972C0EBAD1001634AE /* CustomViewFrameworkTests */ = {
			isa = PBXGroup;
			children = (
				30BEE4982C0EBAD1001634AE /* CustomViewFrameworkTests.swift */,
			);
			path = CustomViewFrameworkTests;
			sourceTree = "<group>";
		};
/* End PBXGroup section */

/* Begin PBXHeadersBuildPhase section */
		30BEE4842C0EBAD0001634AE /* Headers */ = {
			isa = PBXHeadersBuildPhase;
			buildActionMask = 2147483647;
			files = (
				30BEE49A2C0EBAD1001634AE /* CustomViewFramework.h in Headers */,
			);
			runOnlyForDeploymentPostprocessing = 0;
		};
/* End PBXHeadersBuildPhase section */

/* Begin PBXNativeTarget section */
		30BEE4882C0EBAD0001634AE /* CustomViewFramework */ = {
			isa = PBXNativeTarget;
			buildConfigurationList = 30BEE49D2C0EBAD1001634AE /* Build configuration list for PBXNativeTarget "CustomViewFramework" */;
			buildPhases = (
				30BEE4842C0EBAD0001634AE /* Headers */,
				30BEE4852C0EBAD0001634AE /* Sources */,
				30BEE4862C0EBAD0001634AE /* Frameworks */,
				30BEE4872C0EBAD0001634AE /* Resources */,
			);
			buildRules = (
			);
			dependencies = (
			);
			name = CustomViewFramework;
			productName = CustomViewFramework;
			productReference = 30BEE4892C0EBAD0001634AE /* CustomViewFramework.framework */;
			productType = "com.apple.product-type.framework";
		};
		30BEE4922C0EBAD1001634AE /* CustomViewFrameworkTests */ = {
			isa = PBXNativeTarget;
			buildConfigurationList = 30BEE4A02C0EBAD1001634AE /* Build configuration list for PBXNativeTarget "CustomViewFrameworkTests" */;
			buildPhases = (
				30BEE48F2C0EBAD1001634AE /* Sources */,
				30BEE4902C0EBAD1001634AE /* Frameworks */,
				30BEE4912C0EBAD1001634AE /* Resources */,
			);
			buildRules = (
			);
			dependencies = (
				30BEE4962C0EBAD1001634AE /* PBXTargetDependency */,
			);
			name = CustomViewFrameworkTests;
			productName = CustomViewFrameworkTests;
			productReference = 30BEE4932C0EBAD1001634AE /* CustomViewFrameworkTests.xctest */;
			productType = "com.apple.product-type.bundle.unit-test";
		};
/* End PBXNativeTarget section */

/* Begin PBXProject section */
		30BEE4802C0EBAD0001634AE /* Project object */ = {
			isa = PBXProject;
			attributes = {
				BuildIndependentTargetsInParallel = 1;
				LastSwiftUpdateCheck = 1520;
				LastUpgradeCheck = 1520;
				TargetAttributes = {
					30BEE4882C0EBAD0001634AE = {
						CreatedOnToolsVersion = 15.2;
					};
					30BEE4922C0EBAD1001634AE = {
						CreatedOnToolsVersion = 15.2;
					};
				};
			};
			buildConfigurationList = 30BEE4832C0EBAD0001634AE /* Build configuration list for PBXProject "CustomViewFramework" */;
			compatibilityVersion = "Xcode 14.0";
			developmentRegion = en;
			hasScannedForEncodings = 0;
			knownRegions = (
				en,
				Base,
			);
			mainGroup = 30BEE47F2C0EBAD0001634AE;
			productRefGroup = 30BEE48A2C0EBAD0001634AE /* Products */;
			projectDirPath = "";
			projectRoot = "";
			targets = (
				30BEE4882C0EBAD0001634AE /* CustomViewFramework */,
				30BEE4922C0EBAD1001634AE /* CustomViewFrameworkTests */,
			);
		};
/* End PBXProject section */

/* Begin PBXResourcesBuildPhase section */
		30BEE4872C0EBAD0001634AE /* Resources */ = {
			isa = PBXResourcesBuildPhase;
			buildActionMask = 2147483647;
			files = (
			);
			runOnlyForDeploymentPostprocessing = 0;
		};
		30BEE4912C0EBAD1001634AE /* Resources */ = {
			isa = PBXResourcesBuildPhase;
			buildActionMask = 2147483647;
			files = (
			);
			runOnlyForDeploymentPostprocessing = 0;
		};
/* End PBXResourcesBuildPhase section */

/* Begin PBXSourcesBuildPhase section */
		30BEE4852C0EBAD0001634AE /* Sources */ = {
			isa = PBXSourcesBuildPhase;
			buildActionMask = 2147483647;
			files = (
				30BEE48E2C0EBAD0001634AE /* CustomViewFramework.docc in Sources */,
				30BEE4A42C0EBAF9001634AE /* CustomView.swift in Sources */,
			);
			runOnlyForDeploymentPostprocessing = 0;
		};
		30BEE48F2C0EBAD1001634AE /* Sources */ = {
			isa = PBXSourcesBuildPhase;
			buildActionMask = 2147483647;
			files = (
				30BEE4992C0EBAD1001634AE /* CustomViewFrameworkTests.swift in Sources */,
			);
			runOnlyForDeploymentPostprocessing = 0;
		};
/* End PBXSourcesBuildPhase section */

/* Begin PBXTargetDependency section */
		30BEE4962C0EBAD1001634AE /* PBXTargetDependency */ = {
			isa = PBXTargetDependency;
			target = 30BEE4882C0EBAD0001634AE /* CustomViewFramework */;
			targetProxy = 30BEE4952C0EBAD1001634AE /* PBXContainerItemProxy */;
		};
/* End PBXTargetDependency section */

/* Begin XCBuildConfiguration section */
		30BEE49B2C0EBAD1001634AE /* Debug */ = {
			isa = XCBuildConfiguration;
			buildSettings = {
				ALWAYS_SEARCH_USER_PATHS = NO;
				ASSETCATALOG_COMPILER_GENERATE_SWIFT_ASSET_SYMBOL_EXTENSIONS = YES;
				CLANG_ANALYZER_NONNULL = YES;
				CLANG_ANALYZER_NUMBER_OBJECT_CONVERSION = YES_AGGRESSIVE;
				CLANG_CXX_LANGUAGE_STANDARD = "gnu++20";
				CLANG_ENABLE_MODULES = YES;
				CLANG_ENABLE_OBJC_ARC = YES;
				CLANG_ENABLE_OBJC_WEAK = YES;
				CLANG_WARN_BLOCK_CAPTURE_AUTORELEASING = YES;
				CLANG_WARN_BOOL_CONVERSION = YES;
				CLANG_WARN_COMMA = YES;
				CLANG_WARN_CONSTANT_CONVERSION = YES;
				CLANG_WARN_DEPRECATED_OBJC_IMPLEMENTATIONS = YES;
				CLANG_WARN_DIRECT_OBJC_ISA_USAGE = YES_ERROR;
				CLANG_WARN_DOCUMENTATION_COMMENTS = YES;
				CLANG_WARN_EMPTY_BODY = YES;
				CLANG_WARN_ENUM_CONVERSION = YES;
				CLANG_WARN_INFINITE_RECURSION = YES;
				CLANG_WARN_INT_CONVERSION = YES;
				CLANG_WARN_NON_LITERAL_NULL_CONVERSION = YES;
				CLANG_WARN_OBJC_IMPLICIT_RETAIN_SELF = YES;
				CLANG_WARN_OBJC_LITERAL_CONVERSION = YES;
				CLANG_WARN_OBJC_ROOT_CLASS = YES_ERROR;
				CLANG_WARN_QUOTED_INCLUDE_IN_FRAMEWORK_HEADER = YES;
				CLANG_WARN_RANGE_LOOP_ANALYSIS = YES;
				CLANG_WARN_STRICT_PROTOTYPES = YES;
				CLANG_WARN_SUSPICIOUS_MOVE = YES;
				CLANG_WARN_UNGUARDED_AVAILABILITY = YES_AGGRESSIVE;
				CLANG_WARN_UNREACHABLE_CODE = YES;
				CLANG_WARN__DUPLICATE_METHOD_MATCH = YES;
				COPY_PHASE_STRIP = NO;
				CURRENT_PROJECT_VERSION = 1;
				DEBUG_INFORMATION_FORMAT = dwarf;
				ENABLE_STRICT_OBJC_MSGSEND = YES;
				ENABLE_TESTABILITY = YES;
				ENABLE_USER_SCRIPT_SANDBOXING = YES;
				GCC_C_LANGUAGE_STANDARD = gnu17;
				GCC_DYNAMIC_NO_PIC = NO;
				GCC_NO_COMMON_BLOCKS = YES;
				GCC_OPTIMIZATION_LEVEL = 0;
				GCC_PREPROCESSOR_DEFINITIONS = (
					"DEBUG=1",
					"$(inherited)",
				);
				GCC_WARN_64_TO_32_BIT_CONVERSION = YES;
				GCC_WARN_ABOUT_RETURN_TYPE = YES_ERROR;
				GCC_WARN_UNDECLARED_SELECTOR = YES;
				GCC_WARN_UNINITIALIZED_AUTOS = YES_AGGRESSIVE;
				GCC_WARN_UNUSED_FUNCTION = YES;
				GCC_WARN_UNUSED_VARIABLE = YES;
				IPHONEOS_DEPLOYMENT_TARGET = 17.2;
				LOCALIZATION_PREFERS_STRING_CATALOGS = YES;
				MTL_ENABLE_DEBUG_INFO = INCLUDE_SOURCE;
				MTL_FAST_MATH = YES;
				ONLY_ACTIVE_ARCH = YES;
				SDKROOT = iphoneos;
				SWIFT_ACTIVE_COMPILATION_CONDITIONS = "DEBUG $(inherited)";
				SWIFT_OPTIMIZATION_LEVEL = "-Onone";
				VERSIONING_SYSTEM = "apple-generic";
				VERSION_INFO_PREFIX = "";
			};
			name = Debug;
		};
		30BEE49C2C0EBAD1001634AE /* Release */ = {
			isa = XCBuildConfiguration;
			buildSettings = {
				ALWAYS_SEARCH_USER_PATHS = NO;
				ASSETCATALOG_COMPILER_GENERATE_SWIFT_ASSET_SYMBOL_EXTENSIONS = YES;
				CLANG_ANALYZER_NONNULL = YES;
				CLANG_ANALYZER_NUMBER_OBJECT_CONVERSION = YES_AGGRESSIVE;
				CLANG_CXX_LANGUAGE_STANDARD = "gnu++20";
				CLANG_ENABLE_MODULES = YES;
				CLANG_ENABLE_OBJC_ARC = YES;
				CLANG_ENABLE_OBJC_WEAK = YES;
				CLANG_WARN_BLOCK_CAPTURE_AUTORELEASING = YES;
				CLANG_WARN_BOOL_CONVERSION = YES;
				CLANG_WARN_COMMA = YES;
				CLANG_WARN_CONSTANT_CONVERSION = YES;
				CLANG_WARN_DEPRECATED_OBJC_IMPLEMENTATIONS = YES;
				CLANG_WARN_DIRECT_OBJC_ISA_USAGE = YES_ERROR;
				CLANG_WARN_DOCUMENTATION_COMMENTS = YES;
				CLANG_WARN_EMPTY_BODY = YES;
				CLANG_WARN_ENUM_CONVERSION = YES;
				CLANG_WARN_INFINITE_RECURSION = YES;
				CLANG_WARN_INT_CONVERSION = YES;
				CLANG_WARN_NON_LITERAL_NULL_CONVERSION = YES;
				CLANG_WARN_OBJC_IMPLICIT_RETAIN_SELF = YES;
				CLANG_WARN_OBJC_LITERAL_CONVERSION = YES;
				CLANG_WARN_OBJC_ROOT_CLASS = YES_ERROR;
				CLANG_WARN_QUOTED_INCLUDE_IN_FRAMEWORK_HEADER = YES;
				CLANG_WARN_RANGE_LOOP_ANALYSIS = YES;
				CLANG_WARN_STRICT_PROTOTYPES = YES;
				CLANG_WARN_SUSPICIOUS_MOVE = YES;
				CLANG_WARN_UNGUARDED_AVAILABILITY = YES_AGGRESSIVE;
				CLANG_WARN_UNREACHABLE_CODE = YES;
				CLANG_WARN__DUPLICATE_METHOD_MATCH = YES;
				COPY_PHASE_STRIP = NO;
				CURRENT_PROJECT_VERSION = 1;
				DEBUG_INFORMATION_FORMAT = "dwarf-with-dsym";
				ENABLE_NS_ASSERTIONS = NO;
				ENABLE_STRICT_OBJC_MSGSEND = YES;
				ENABLE_USER_SCRIPT_SANDBOXING = YES;
				GCC_C_LANGUAGE_STANDARD = gnu17;
				GCC_NO_COMMON_BLOCKS = YES;
				GCC_WARN_64_TO_32_BIT_CONVERSION = YES;
				GCC_WARN_ABOUT_RETURN_TYPE = YES_ERROR;
				GCC_WARN_UNDECLARED_SELECTOR = YES;
				GCC_WARN_UNINITIALIZED_AUTOS = YES_AGGRESSIVE;
				GCC_WARN_UNUSED_FUNCTION = YES;
				GCC_WARN_UNUSED_VARIABLE = YES;
				IPHONEOS_DEPLOYMENT_TARGET = 17.2;
				LOCALIZATION_PREFERS_STRING_CATALOGS = YES;
				MTL_ENABLE_DEBUG_INFO = NO;
				MTL_FAST_MATH = YES;
				SDKROOT = iphoneos;
				SWIFT_COMPILATION_MODE = wholemodule;
				VALIDATE_PRODUCT = YES;
				VERSIONING_SYSTEM = "apple-generic";
				VERSION_INFO_PREFIX = "";
			};
			name = Release;
		};
		30BEE49E2C0EBAD1001634AE /* Debug */ = {
			isa = XCBuildConfiguration;
			buildSettings = {
				CODE_SIGN_STYLE = Automatic;
				CURRENT_PROJECT_VERSION = 1;
				DEFINES_MODULE = YES;
				DEVELOPMENT_TEAM = TM5VUFHMW4;
				DYLIB_COMPATIBILITY_VERSION = 1;
				DYLIB_CURRENT_VERSION = 1;
				DYLIB_INSTALL_NAME_BASE = "@rpath";
				ENABLE_MODULE_VERIFIER = YES;
				GENERATE_INFOPLIST_FILE = YES;
				INFOPLIST_KEY_NSHumanReadableCopyright = "";
				INSTALL_PATH = "$(LOCAL_LIBRARY_DIR)/Frameworks";
				LD_RUNPATH_SEARCH_PATHS = (
					"$(inherited)",
					"@executable_path/Frameworks",
					"@loader_path/Frameworks",
				);
				MARKETING_VERSION = 1.0;
				MODULE_VERIFIER_SUPPORTED_LANGUAGES = "objective-c objective-c++";
				MODULE_VERIFIER_SUPPORTED_LANGUAGE_STANDARDS = "gnu17 gnu++20";
				PRODUCT_BUNDLE_IDENTIFIER = sh.team.CustomViewFramework;
				PRODUCT_NAME = "$(TARGET_NAME:c99extidentifier)";
				SKIP_INSTALL = YES;
				SWIFT_EMIT_LOC_STRINGS = YES;
				SWIFT_VERSION = 5.0;
				TARGETED_DEVICE_FAMILY = "1,2";
			};
			name = Debug;
		};
		30BEE49F2C0EBAD1001634AE /* Release */ = {
			isa = XCBuildConfiguration;
			buildSettings = {
				CODE_SIGN_STYLE = Automatic;
				CURRENT_PROJECT_VERSION = 1;
				DEFINES_MODULE = YES;
				DEVELOPMENT_TEAM = TM5VUFHMW4;
				DYLIB_COMPATIBILITY_VERSION = 1;
				DYLIB_CURRENT_VERSION = 1;
				DYLIB_INSTALL_NAME_BASE = "@rpath";
				ENABLE_MODULE_VERIFIER = YES;
				GENERATE_INFOPLIST_FILE = YES;
				INFOPLIST_KEY_NSHumanReadableCopyright = "";
				INSTALL_PATH = "$(LOCAL_LIBRARY_DIR)/Frameworks";
				LD_RUNPATH_SEARCH_PATHS = (
					"$(inherited)",
					"@executable_path/Frameworks",
					"@loader_path/Frameworks",
				);
				MARKETING_VERSION = 1.0;
				MODULE_VERIFIER_SUPPORTED_LANGUAGES = "objective-c objective-c++";
				MODULE_VERIFIER_SUPPORTED_LANGUAGE_STANDARDS = "gnu17 gnu++20";
				PRODUCT_BUNDLE_IDENTIFIER = sh.team.CustomViewFramework;
				PRODUCT_NAME = "$(TARGET_NAME:c99extidentifier)";
				SKIP_INSTALL = YES;
				SWIFT_EMIT_LOC_STRINGS = YES;
				SWIFT_VERSION = 5.0;
				TARGETED_DEVICE_FAMILY = "1,2";
			};
			name = Release;
		};
		30BEE4A12C0EBAD1001634AE /* Debug */ = {
			isa = XCBuildConfiguration;
			buildSettings = {
				ALWAYS_EMBED_SWIFT_STANDARD_LIBRARIES = YES;
				CODE_SIGN_STYLE = Automatic;
				CURRENT_PROJECT_VERSION = 1;
				DEVELOPMENT_TEAM = TM5VUFHMW4;
				GENERATE_INFOPLIST_FILE = YES;
				MARKETING_VERSION = 1.0;
				PRODUCT_BUNDLE_IDENTIFIER = sh.team.CustomViewFrameworkTests;
				PRODUCT_NAME = "$(TARGET_NAME)";
				SWIFT_EMIT_LOC_STRINGS = NO;
				SWIFT_VERSION = 5.0;
				TARGETED_DEVICE_FAMILY = "1,2";
			};
			name = Debug;
		};
		30BEE4A22C0EBAD1001634AE /* Release */ = {
			isa = XCBuildConfiguration;
			buildSettings = {
				ALWAYS_EMBED_SWIFT_STANDARD_LIBRARIES = YES;
				CODE_SIGN_STYLE = Automatic;
				CURRENT_PROJECT_VERSION = 1;
				DEVELOPMENT_TEAM = TM5VUFHMW4;
				GENERATE_INFOPLIST_FILE = YES;
				MARKETING_VERSION = 1.0;
				PRODUCT_BUNDLE_IDENTIFIER = sh.team.CustomViewFrameworkTests;
				PRODUCT_NAME = "$(TARGET_NAME)";
				SWIFT_EMIT_LOC_STRINGS = NO;
				SWIFT_VERSION = 5.0;
				TARGETED_DEVICE_FAMILY = "1,2";
			};
			name = Release;
		};
/* End XCBuildConfiguration section */

/* Begin XCConfigurationList section */
		30BEE4832C0EBAD0001634AE /* Build configuration list for PBXProject "CustomViewFramework" */ = {
			isa = XCConfigurationList;
			buildConfigurations = (
				30BEE49B2C0EBAD1001634AE /* Debug */,
				30BEE49C2C0EBAD1001634AE /* Release */,
			);
			defaultConfigurationIsVisible = 0;
			defaultConfigurationName = Release;
		};
		30BEE49D2C0EBAD1001634AE /* Build configuration list for PBXNativeTarget "CustomViewFramework" */ = {
			isa = XCConfigurationList;
			buildConfigurations = (
				30BEE49E2C0EBAD1001634AE /* Debug */,
				30BEE49F2C0EBAD1001634AE /* Release */,
			);
			defaultConfigurationIsVisible = 0;
			defaultConfigurationName = Release;
		};
		30BEE4A02C0EBAD1001634AE /* Build configuration list for PBXNativeTarget "CustomViewFrameworkTests" */ = {
			isa = XCConfigurationList;
			buildConfigurations = (
				30BEE4A12C0EBAD1001634AE /* Debug */,
				30BEE4A22C0EBAD1001634AE /* Release */,
			);
			defaultConfigurationIsVisible = 0;
			defaultConfigurationName = Release;
		};
/* End XCConfigurationList section */
	};
	rootObject = 30BEE4802C0EBAD0001634AE /* Project object */;
}
